
Microsoft Visual Studio Solution File, Format Version 12.00
# Visual Studio Version 17
VisualStudioVersion = 17.8.34408.163
MinimumVisualStudioVersion = 10.0.40219.1
Project("{FAE04EC0-301F-11D3-BF4B-00C04F79EFBC}") = "FP_AhmetY", "FP_AhmetY\FP_AhmetY.csproj", "{97610678-8AB0-42CC-BCE1-B60FABC57ABD}"
EndProject
Global
	GlobalSection(SolutionConfigurationPlatforms) = preSolution
		Debug|Any CPU = Debug|Any CPU
		Release|Any CPU = Release|Any CPU
	EndGlobalSection
	GlobalSection(ProjectConfigurationPlatforms) = postSolution
		{97610678-8AB0-42CC-BCE1-B60FABC57ABD}.Debug|Any CPU.ActiveCfg = Debug|Any CPU
		{97610678-8AB0-42CC-BCE1-B60FABC57ABD}.Debug|Any CPU.Build.0 = Debug|Any CPU
		{97610678-8AB0-42CC-BCE1-B60FABC57ABD}.Release|Any CPU.ActiveCfg = Release|Any CPU
		{97610678-8AB0-42CC-BCE1-B60FABC57ABD}.Release|Any CPU.Build.0 = Release|Any CPU
	EndGlobalSection
	GlobalSection(SolutionProperties) = preSolution
		HideSolutionNode = FALSE
	EndGlobalSection
	GlobalSection(ExtensibilityGlobals) = postSolution
		SolutionGuid = {C7C0C7C4-6EDD-4234-8FBF-DC5C036AA3A8}
	EndGlobalSection
EndGlobal
